
Microsoft Visual Studio Solution File, Format Version 12.00
# Visual Studio 15
VisualStudioVersion = 15.0.26730.12
MinimumVisualStudioVersion = 10.0.40219.1
Project("{FAE04EC0-301F-11D3-BF4B-00C04F79EFBC}") = "RoomRedo", "RoomRedo\RoomRedo.csproj", "{9C990FEE-74F7-4126-B3D6-A657BE23CE29}"
EndProject
Global
	GlobalSection(SolutionConfigurationPlatforms) = preSolution
		Debug|Any CPU = Debug|Any CPU
		Release|Any CPU = Release|Any CPU
	EndGlobalSection
	GlobalSection(ProjectConfigurationPlatforms) = postSolution
		{9C990FEE-74F7-4126-B3D6-A657BE23CE29}.Debug|Any CPU.ActiveCfg = Debug|Any CPU
		{9C990FEE-74F7-4126-B3D6-A657BE23CE29}.Debug|Any CPU.Build.0 = Debug|Any CPU
		{9C990FEE-74F7-4126-B3D6-A657BE23CE29}.Release|Any CPU.ActiveCfg = Release|Any CPU
		{9C990FEE-74F7-4126-B3D6-A657BE23CE29}.Release|Any CPU.Build.0 = Release|Any CPU
	EndGlobalSection
	GlobalSection(SolutionProperties) = preSolution
		HideSolutionNode = FALSE
	EndGlobalSection
	GlobalSection(ExtensibilityGlobals) = postSolution
		SolutionGuid = {E12087E1-8FCC-4841-8F87-AF312BA1FFED}
	EndGlobalSection
EndGlobal
